
Microsoft Visual Studio Solution File, Format Version 12.00
# Visual Studio Version 16
VisualStudioVersion = 16.0.30503.244
MinimumVisualStudioVersion = 10.0.40219.1
Project("{F184B08F-C81C-45F6-A57F-5ABD9991F28F}") = "VTC Project", "ITE3711 project (200041937)(200061868)\VTC Project.vbproj", "{85DC5A69-35E2-4CE6-969A-470D4B7C97FB}"
EndProject
Global
	GlobalSection(SolutionConfigurationPlatforms) = preSolution
		Debug|Any CPU = Debug|Any CPU
		Release|Any CPU = Release|Any CPU
	EndGlobalSection
	GlobalSection(ProjectConfigurationPlatforms) = postSolution
		{85DC5A69-35E2-4CE6-969A-470D4B7C97FB}.Debug|Any CPU.ActiveCfg = Release|Any CPU
		{85DC5A69-35E2-4CE6-969A-470D4B7C97FB}.Debug|Any CPU.Build.0 = Release|Any CPU
		{85DC5A69-35E2-4CE6-969A-470D4B7C97FB}.Release|Any CPU.ActiveCfg = Release|Any CPU
		{85DC5A69-35E2-4CE6-969A-470D4B7C97FB}.Release|Any CPU.Build.0 = Release|Any CPU
	EndGlobalSection
	GlobalSection(SolutionProperties) = preSolution
		HideSolutionNode = FALSE
	EndGlobalSection
	GlobalSection(ExtensibilityGlobals) = postSolution
		SolutionGuid = {317C72B6-5E96-413F-9DFA-82A07EBE95B7}
	EndGlobalSection
EndGlobal
